
Microsoft Visual Studio Solution File, Format Version 12.00
# Visual Studio Version 17
VisualStudioVersion = 17.0.31903.59
MinimumVisualStudioVersion = 10.0.40219.1
Project("{2150E333-8FDC-42A3-9474-1A3956D46DE8}") = "src", "src", "{DA5A2072-73C3-4CE7-B91A-5E260CF2DBB3}"
	ProjectSection(SolutionItems) = preProject
		Dockerfile = Dockerfile
		.dockerignore = .dockerignore
	EndProjectSection
EndProject
Project("{FAE04EC0-301F-11D3-BF4B-00C04F79EFBC}") = "NotificationService.Domain", "src\NotificationService.Domain\NotificationService.Domain.csproj", "{CEE87731-ACFE-4CCB-8B89-0595DD79D5BF}"
EndProject
Project("{FAE04EC0-301F-11D3-BF4B-00C04F79EFBC}") = "NotificationService.Application", "src\NotificationService.Application\NotificationService.Application.csproj", "{3D1BC64F-1A96-454A-A37A-D8B3E1D9518E}"
EndProject
Project("{FAE04EC0-301F-11D3-BF4B-00C04F79EFBC}") = "NotificationService.Infrastructure", "src\NotificationService.Infrastructure\NotificationService.Infrastructure.csproj", "{32D05336-A336-49C0-B6E0-571973AA5831}"
EndProject
Project("{FAE04EC0-301F-11D3-BF4B-00C04F79EFBC}") = "NotificationService.Api", "src\NotificationService.Api\NotificationService.Api.csproj", "{346A969A-0D5A-49D0-AEB1-9762806D2F64}"
EndProject
Project("{2150E333-8FDC-42A3-9474-1A3956D46DE8}") = "tests", "tests", "{C3860F50-C568-4C18-B1E9-5669A2F73726}"
EndProject
Project("{FAE04EC0-301F-11D3-BF4B-00C04F79EFBC}") = "NotificationService.UnitTests", "tests\NotificationService.UnitTests\NotificationService.UnitTests.csproj", "{84C0D88E-9E65-479E-B457-36207C1B83A5}"
EndProject
Project("{2150E333-8FDC-42A3-9474-1A3956D46DE8}") = "Solution Items", "Solution Items", "{7C83B732-7F0F-4373-9E43-84B885EC3FF6}"
	ProjectSection(SolutionItems) = preProject
		compose.yaml = compose.yaml
	EndProjectSection
EndProject
Global
	GlobalSection(SolutionConfigurationPlatforms) = preSolution
		Debug|Any CPU = Debug|Any CPU
		Release|Any CPU = Release|Any CPU
	EndGlobalSection
	GlobalSection(SolutionProperties) = preSolution
		HideSolutionNode = FALSE
	EndGlobalSection
	GlobalSection(ProjectConfigurationPlatforms) = postSolution
		{CEE87731-ACFE-4CCB-8B89-0595DD79D5BF}.Debug|Any CPU.ActiveCfg = Debug|Any CPU
		{CEE87731-ACFE-4CCB-8B89-0595DD79D5BF}.Debug|Any CPU.Build.0 = Debug|Any CPU
		{CEE87731-ACFE-4CCB-8B89-0595DD79D5BF}.Release|Any CPU.ActiveCfg = Release|Any CPU
		{CEE87731-ACFE-4CCB-8B89-0595DD79D5BF}.Release|Any CPU.Build.0 = Release|Any CPU
		{3D1BC64F-1A96-454A-A37A-D8B3E1D9518E}.Debug|Any CPU.ActiveCfg = Debug|Any CPU
		{3D1BC64F-1A96-454A-A37A-D8B3E1D9518E}.Debug|Any CPU.Build.0 = Debug|Any CPU
		{3D1BC64F-1A96-454A-A37A-D8B3E1D9518E}.Release|Any CPU.ActiveCfg = Release|Any CPU
		{3D1BC64F-1A96-454A-A37A-D8B3E1D9518E}.Release|Any CPU.Build.0 = Release|Any CPU
		{32D05336-A336-49C0-B6E0-571973AA5831}.Debug|Any CPU.ActiveCfg = Debug|Any CPU
		{32D05336-A336-49C0-B6E0-571973AA5831}.Debug|Any CPU.Build.0 = Debug|Any CPU
		{32D05336-A336-49C0-B6E0-571973AA5831}.Release|Any CPU.ActiveCfg = Release|Any CPU
		{32D05336-A336-49C0-B6E0-571973AA5831}.Release|Any CPU.Build.0 = Release|Any CPU
		{346A969A-0D5A-49D0-AEB1-9762806D2F64}.Debug|Any CPU.ActiveCfg = Debug|Any CPU
		{346A969A-0D5A-49D0-AEB1-9762806D2F64}.Debug|Any CPU.Build.0 = Debug|Any CPU
		{346A969A-0D5A-49D0-AEB1-9762806D2F64}.Release|Any CPU.ActiveCfg = Release|Any CPU
		{346A969A-0D5A-49D0-AEB1-9762806D2F64}.Release|Any CPU.Build.0 = Release|Any CPU
		{84C0D88E-9E65-479E-B457-36207C1B83A5}.Debug|Any CPU.ActiveCfg = Debug|Any CPU
		{84C0D88E-9E65-479E-B457-36207C1B83A5}.Debug|Any CPU.Build.0 = Debug|Any CPU
		{84C0D88E-9E65-479E-B457-36207C1B83A5}.Release|Any CPU.ActiveCfg = Release|Any CPU
		{84C0D88E-9E65-479E-B457-36207C1B83A5}.Release|Any CPU.Build.0 = Release|Any CPU
	EndGlobalSection
	GlobalSection(NestedProjects) = preSolution
		{CEE87731-ACFE-4CCB-8B89-0595DD79D5BF} = {DA5A2072-73C3-4CE7-B91A-5E260CF2DBB3}
		{3D1BC64F-1A96-454A-A37A-D8B3E1D9518E} = {DA5A2072-73C3-4CE7-B91A-5E260CF2DBB3}
		{32D05336-A336-49C0-B6E0-571973AA5831} = {DA5A2072-73C3-4CE7-B91A-5E260CF2DBB3}
		{346A969A-0D5A-49D0-AEB1-9762806D2F64} = {DA5A2072-73C3-4CE7-B91A-5E260CF2DBB3}
		{84C0D88E-9E65-479E-B457-36207C1B83A5} = {C3860F50-C568-4C18-B1E9-5669A2F73726}
	EndGlobalSection
EndGlobal
